
Microsoft Visual Studio Solution File, Format Version 12.00
# Visual Studio 15
VisualStudioVersion = 15.0.26730.16
MinimumVisualStudioVersion = 10.0.40219.1
Project("{FAE04EC0-301F-11D3-BF4B-00C04F79EFBC}") = "WPFChatClient", "WPFChatClient\WPFChatClient.csproj", "{481DF519-0759-4873-87EF-6BB27B9AD4CF}"
EndProject
Project("{FAE04EC0-301F-11D3-BF4B-00C04F79EFBC}") = "NullCommunicationLib", "NullCommunicationLib\NullCommunicationLib.csproj", "{B45CF810-2303-4A0B-BA83-22AEE58AE0D8}"
EndProject
Project("{FAE04EC0-301F-11D3-BF4B-00C04F79EFBC}") = "ChatViewModel", "ChatViewModel\ChatViewModel.csproj", "{BA363B4A-87A3-4AC7-A1A9-96363A6999F1}"
EndProject
Project("{FAE04EC0-301F-11D3-BF4B-00C04F79EFBC}") = "ChatBusinessObjects", "ChatBusinessObjects\ChatBusinessObjects.csproj", "{909B3516-528B-42D7-A206-5CA4222FF63E}"
EndProject
Project("{FAE04EC0-301F-11D3-BF4B-00C04F79EFBC}") = "ChatBusinessLogic", "ChatBusinessLogic\ChatBusinessLogic.csproj", "{ABBF9BB0-BA55-4EF5-9E9C-D11A87AC8AB0}"
EndProject
Project("{FAE04EC0-301F-11D3-BF4B-00C04F79EFBC}") = "TechnicalService", "TechnicalService\TechnicalService.csproj", "{15748809-8679-4AC4-A9AA-F99ABA8B12B1}"
EndProject
Project("{FAE04EC0-301F-11D3-BF4B-00C04F79EFBC}") = "ChatServer", "ChatServer\ChatServer.csproj", "{8836C2EE-C0CA-4D9F-B4A9-41A77A7A04EA}"
EndProject
Project("{FAE04EC0-301F-11D3-BF4B-00C04F79EFBC}") = "SignalRChatClient", "SignalRChatClient\SignalRChatClient.csproj", "{10278FC0-3848-4CB6-87E6-7BF94EE16FA8}"
EndProject
Project("{FAE04EC0-301F-11D3-BF4B-00C04F79EFBC}") = "ChatViewModelTest", "ChatViewModelTest\ChatViewModelTest.csproj", "{6C8AF9CE-D97E-48D5-A067-17B41D03C4E0}"
EndProject
Project("{FAE04EC0-301F-11D3-BF4B-00C04F79EFBC}") = "ConnectedPeopleLib", "ConnectedPeopleLib\ConnectedPeopleLib.csproj", "{7A9E3EE1-9114-4FED-A715-2E35EC5FD411}"
EndProject
Global
	GlobalSection(SolutionConfigurationPlatforms) = preSolution
		Debug|Any CPU = Debug|Any CPU
		Release|Any CPU = Release|Any CPU
	EndGlobalSection
	GlobalSection(ProjectConfigurationPlatforms) = postSolution
		{481DF519-0759-4873-87EF-6BB27B9AD4CF}.Debug|Any CPU.ActiveCfg = Debug|Any CPU
		{481DF519-0759-4873-87EF-6BB27B9AD4CF}.Debug|Any CPU.Build.0 = Debug|Any CPU
		{481DF519-0759-4873-87EF-6BB27B9AD4CF}.Release|Any CPU.ActiveCfg = Release|Any CPU
		{481DF519-0759-4873-87EF-6BB27B9AD4CF}.Release|Any CPU.Build.0 = Release|Any CPU
		{B45CF810-2303-4A0B-BA83-22AEE58AE0D8}.Debug|Any CPU.ActiveCfg = Debug|Any CPU
		{B45CF810-2303-4A0B-BA83-22AEE58AE0D8}.Debug|Any CPU.Build.0 = Debug|Any CPU
		{B45CF810-2303-4A0B-BA83-22AEE58AE0D8}.Release|Any CPU.ActiveCfg = Release|Any CPU
		{B45CF810-2303-4A0B-BA83-22AEE58AE0D8}.Release|Any CPU.Build.0 = Release|Any CPU
		{BA363B4A-87A3-4AC7-A1A9-96363A6999F1}.Debug|Any CPU.ActiveCfg = Debug|Any CPU
		{BA363B4A-87A3-4AC7-A1A9-96363A6999F1}.Debug|Any CPU.Build.0 = Debug|Any CPU
		{BA363B4A-87A3-4AC7-A1A9-96363A6999F1}.Release|Any CPU.ActiveCfg = Release|Any CPU
		{BA363B4A-87A3-4AC7-A1A9-96363A6999F1}.Release|Any CPU.Build.0 = Release|Any CPU
		{909B3516-528B-42D7-A206-5CA4222FF63E}.Debug|Any CPU.ActiveCfg = Debug|Any CPU
		{909B3516-528B-42D7-A206-5CA4222FF63E}.Debug|Any CPU.Build.0 = Debug|Any CPU
		{909B3516-528B-42D7-A206-5CA4222FF63E}.Release|Any CPU.ActiveCfg = Release|Any CPU
		{909B3516-528B-42D7-A206-5CA4222FF63E}.Release|Any CPU.Build.0 = Release|Any CPU
		{ABBF9BB0-BA55-4EF5-9E9C-D11A87AC8AB0}.Debug|Any CPU.ActiveCfg = Debug|Any CPU
		{ABBF9BB0-BA55-4EF5-9E9C-D11A87AC8AB0}.Debug|Any CPU.Build.0 = Debug|Any CPU
		{ABBF9BB0-BA55-4EF5-9E9C-D11A87AC8AB0}.Release|Any CPU.ActiveCfg = Release|Any CPU
		{ABBF9BB0-BA55-4EF5-9E9C-D11A87AC8AB0}.Release|Any CPU.Build.0 = Release|Any CPU
		{15748809-8679-4AC4-A9AA-F99ABA8B12B1}.Debug|Any CPU.ActiveCfg = Debug|Any CPU
		{15748809-8679-4AC4-A9AA-F99ABA8B12B1}.Debug|Any CPU.Build.0 = Debug|Any CPU
		{15748809-8679-4AC4-A9AA-F99ABA8B12B1}.Release|Any CPU.ActiveCfg = Release|Any CPU
		{15748809-8679-4AC4-A9AA-F99ABA8B12B1}.Release|Any CPU.Build.0 = Release|Any CPU
		{8836C2EE-C0CA-4D9F-B4A9-41A77A7A04EA}.Debug|Any CPU.ActiveCfg = Debug|Any CPU
		{8836C2EE-C0CA-4D9F-B4A9-41A77A7A04EA}.Debug|Any CPU.Build.0 = Debug|Any CPU
		{8836C2EE-C0CA-4D9F-B4A9-41A77A7A04EA}.Release|Any CPU.ActiveCfg = Release|Any CPU
		{8836C2EE-C0CA-4D9F-B4A9-41A77A7A04EA}.Release|Any CPU.Build.0 = Release|Any CPU
		{10278FC0-3848-4CB6-87E6-7BF94EE16FA8}.Debug|Any CPU.ActiveCfg = Debug|Any CPU
		{10278FC0-3848-4CB6-87E6-7BF94EE16FA8}.Debug|Any CPU.Build.0 = Debug|Any CPU
		{10278FC0-3848-4CB6-87E6-7BF94EE16FA8}.Release|Any CPU.ActiveCfg = Release|Any CPU
		{10278FC0-3848-4CB6-87E6-7BF94EE16FA8}.Release|Any CPU.Build.0 = Release|Any CPU
		{6C8AF9CE-D97E-48D5-A067-17B41D03C4E0}.Debug|Any CPU.ActiveCfg = Debug|Any CPU
		{6C8AF9CE-D97E-48D5-A067-17B41D03C4E0}.Debug|Any CPU.Build.0 = Debug|Any CPU
		{6C8AF9CE-D97E-48D5-A067-17B41D03C4E0}.Release|Any CPU.ActiveCfg = Release|Any CPU
		{6C8AF9CE-D97E-48D5-A067-17B41D03C4E0}.Release|Any CPU.Build.0 = Release|Any CPU
		{7A9E3EE1-9114-4FED-A715-2E35EC5FD411}.Debug|Any CPU.ActiveCfg = Debug|Any CPU
		{7A9E3EE1-9114-4FED-A715-2E35EC5FD411}.Debug|Any CPU.Build.0 = Debug|Any CPU
		{7A9E3EE1-9114-4FED-A715-2E35EC5FD411}.Release|Any CPU.ActiveCfg = Release|Any CPU
		{7A9E3EE1-9114-4FED-A715-2E35EC5FD411}.Release|Any CPU.Build.0 = Release|Any CPU
	EndGlobalSection
	GlobalSection(SolutionProperties) = preSolution
		HideSolutionNode = FALSE
	EndGlobalSection
	GlobalSection(ExtensibilityGlobals) = postSolution
		SolutionGuid = {AD58B83E-E44E-4253-A799-A69B92495E3C}
	EndGlobalSection
EndGlobal
